{
  "name": "ioc",
  "version": "1.0.0",
  "lockfileVersion": 2,
  "requires": true,
  "packages": {
    "": {
      "name": "ioc",
      "version": "1.0.0",
      "license": "ISC",
      "devDependencies": {
        "inversify": "^6.0.1",
        "reflect-metadata": "^0.1.13",
        "typescript": "^4.8.4"
      }
    },
    "node_modules/inversify": {
      "version": "6.0.1",
      "resolved": "https://registry.npmjs.org/inversify/-/inversify-6.0.1.tgz",
      "integrity": "sha512-B3ex30927698TJENHR++8FfEaJGqoWOgI6ZY5Ht/nLUsFCwHn6akbwtnUAPCgUepAnTpe2qHxhDNjoKLyz6rgQ==",
      "dev": true
    },
    "node_modules/reflect-metadata": {
      "version": "0.1.13",
      "resolved": "https://registry.npmjs.org/reflect-metadata/-/reflect-metadata-0.1.13.tgz",
      "integrity": "sha512-Ts1Y/anZELhSsjMcU605fU9RE4Oi3p5ORujwbIKXfWa+0Zxs510Qrmrce5/Jowq3cHSZSJqBjypxmHarc+vEWg==",
      "dev": true
    },
    "node_modules/typescript": {
      "version": "4.8.4",
      "resolved": "https://registry.npmjs.org/typescript/-/typescript-4.8.4.tgz",
      "integrity": "sha512-QCh+85mCy+h0IGff8r5XWzOVSbBO+KfeYrMQh7NJ58QujwcE22u+NUSmUxqF+un70P9GXKxa2HCNiTTMJknyjQ==",
      "dev": true,
      "bin": {
        "tsc": "bin/tsc",
        "tsserver": "bin/tsserver"
      },
      "engines": {
        "node": ">=4.2.0"
      }
    }
  },
  "dependencies": {
    "inversify": {
      "version": "6.0.1",
      "resolved": "https://registry.npmjs.org/inversify/-/inversify-6.0.1.tgz",
      "integrity": "sha512-B3ex30927698TJENHR++8FfEaJGqoWOgI6ZY5Ht/nLUsFCwHn6akbwtnUAPCgUepAnTpe2qHxhDNjoKLyz6rgQ==",
      "dev": true
    },
    "reflect-metadata": {
      "version": "0.1.13",
      "resolved": "https://registry.npmjs.org/reflect-metadata/-/reflect-metadata-0.1.13.tgz",
      "integrity": "sha512-Ts1Y/anZELhSsjMcU605fU9RE4Oi3p5ORujwbIKXfWa+0Zxs510Qrmrce5/Jowq3cHSZSJqBjypxmHarc+vEWg==",
      "dev": true
    },
    "typescript": {
      "version": "4.8.4",
      "resolved": "https://registry.npmjs.org/typescript/-/typescript-4.8.4.tgz",
      "integrity": "sha512-QCh+85mCy+h0IGff8r5XWzOVSbBO+KfeYrMQh7NJ58QujwcE22u+NUSmUxqF+un70P9GXKxa2HCNiTTMJknyjQ==",
      "dev": true
    }
  }
}
